lockfileVersion: '9.0'

settings:
  autoInstallPeers: true
  excludeLinksFromLockfile: false

importers:

  .:
    dependencies:
      '@hono/node-server':
        specifier: ^1.13.8
        version: 1.13.8(hono@4.7.5)
      circomlibjs:
        specifier: ^0.1.7
        version: 0.1.7
      dotenv:
        specifier: ^16.4.7
        version: 16.4.7
      hono:
        specifier: ^4.7.5
        version: 4.7.5
      viem:
        specifier: ^2.23.13
        version: 2.23.13
    devDependencies:
      '@flydotio/dockerfile':
        specifier: ^0.7.8
        version: 0.7.8(@types/node@22.13.11)
      '@types/circomlibjs':
        specifier: ^0.1.6
        version: 0.1.6
      '@types/node':
        specifier: ^22.13.11
        version: 22.13.11

packages:

  '@adraffy/ens-normalize@1.11.0':
    resolution: {integrity: sha512-/3DDPKHqqIqxUULp8yP4zODUY1i+2xvVWsv8A79xGWdCAG+8sb0hRh0Rk2QyOJUnnbyPUAZYcpBuRe3nS2OIUg==}

  '@ethersproject/abi@5.8.0':
    resolution: {integrity: sha512-b9YS/43ObplgyV6SlyQsG53/vkSal0MNA1fskSC4mbnCMi8R+NkcH8K9FPYNESf6jUefBUniE4SOKms0E/KK1Q==}

  '@ethersproject/abstract-provider@5.8.0':
    resolution: {integrity: sha512-wC9SFcmh4UK0oKuLJQItoQdzS/qZ51EJegK6EmAWlh+OptpQ/npECOR3QqECd8iGHC0RJb4WKbVdSfif4ammrg==}

  '@ethersproject/abstract-signer@5.8.0':
    resolution: {integrity: sha512-N0XhZTswXcmIZQdYtUnd79VJzvEwXQw6PK0dTl9VoYrEBxxCPXqS0Eod7q5TNKRxe1/5WUMuR0u0nqTF/avdCA==}

  '@ethersproject/address@5.8.0':
    resolution: {integrity: sha512-GhH/abcC46LJwshoN+uBNoKVFPxUuZm6dA257z0vZkKmU1+t8xTn8oK7B9qrj8W2rFRMch4gbJl6PmVxjxBEBA==}

  '@ethersproject/base64@5.8.0':
    resolution: {integrity: sha512-lN0oIwfkYj9LbPx4xEkie6rAMJtySbpOAFXSDVQaBnAzYfB4X2Qr+FXJGxMoc3Bxp2Sm8OwvzMrywxyw0gLjIQ==}

  '@ethersproject/basex@5.8.0':
    resolution: {integrity: sha512-PIgTszMlDRmNwW9nhS6iqtVfdTAKosA7llYXNmGPw4YAI1PUyMv28988wAb41/gHF/WqGdoLv0erHaRcHRKW2Q==}

  '@ethersproject/bignumber@5.8.0':
    resolution: {integrity: sha512-ZyaT24bHaSeJon2tGPKIiHszWjD/54Sz8t57Toch475lCLljC6MgPmxk7Gtzz+ddNN5LuHea9qhAe0x3D+uYPA==}

  '@ethersproject/bytes@5.8.0':
    resolution: {integrity: sha512-vTkeohgJVCPVHu5c25XWaWQOZ4v+DkGoC42/TS2ond+PARCxTJvgTFUNDZovyQ/uAQ4EcpqqowKydcdmRKjg7A==}

  '@ethersproject/constants@5.8.0':
    resolution: {integrity: sha512-wigX4lrf5Vu+axVTIvNsuL6YrV4O5AXl5ubcURKMEME5TnWBouUh0CDTWxZ2GpnRn1kcCgE7l8O5+VbV9QTTcg==}

  '@ethersproject/contracts@5.8.0':
    resolution: {integrity: sha512-0eFjGz9GtuAi6MZwhb4uvUM216F38xiuR0yYCjKJpNfSEy4HUM8hvqqBj9Jmm0IUz8l0xKEhWwLIhPgxNY0yvQ==}

  '@ethersproject/hash@5.8.0':
    resolution: {integrity: sha512-ac/lBcTbEWW/VGJij0CNSw/wPcw9bSRgCB0AIBz8CvED/jfvDoV9hsIIiWfvWmFEi8RcXtlNwp2jv6ozWOsooA==}

  '@ethersproject/hdnode@5.8.0':
    resolution: {integrity: sha512-4bK1VF6E83/3/Im0ERnnUeWOY3P1BZml4ZD3wcH8Ys0/d1h1xaFt6Zc+Dh9zXf9TapGro0T4wvO71UTCp3/uoA==}

  '@ethersproject/json-wallets@5.8.0':
    resolution: {integrity: sha512-HxblNck8FVUtNxS3VTEYJAcwiKYsBIF77W15HufqlBF9gGfhmYOJtYZp8fSDZtn9y5EaXTE87zDwzxRoTFk11w==}

  '@ethersproject/keccak256@5.8.0':
    resolution: {integrity: sha512-A1pkKLZSz8pDaQ1ftutZoaN46I6+jvuqugx5KYNeQOPqq+JZ0Txm7dlWesCHB5cndJSu5vP2VKptKf7cksERng==}

  '@ethersproject/logger@5.8.0':
    resolution: {integrity: sha512-Qe6knGmY+zPPWTC+wQrpitodgBfH7XoceCGL5bJVejmH+yCS3R8jJm8iiWuvWbG76RUmyEG53oqv6GMVWqunjA==}

  '@ethersproject/networks@5.8.0':
    resolution: {integrity: sha512-egPJh3aPVAzbHwq8DD7Po53J4OUSsA1MjQp8Vf/OZPav5rlmWUaFLiq8cvQiGK0Z5K6LYzm29+VA/p4RL1FzNg==}

  '@ethersproject/pbkdf2@5.8.0':
    resolution: {integrity: sha512-wuHiv97BrzCmfEaPbUFpMjlVg/IDkZThp9Ri88BpjRleg4iePJaj2SW8AIyE8cXn5V1tuAaMj6lzvsGJkGWskg==}

  '@ethersproject/properties@5.8.0':
    resolution: {integrity: sha512-PYuiEoQ+FMaZZNGrStmN7+lWjlsoufGIHdww7454FIaGdbe/p5rnaCXTr5MtBYl3NkeoVhHZuyzChPeGeKIpQw==}

  '@ethersproject/providers@5.8.0':
    resolution: {integrity: sha512-3Il3oTzEx3o6kzcg9ZzbE+oCZYyY+3Zh83sKkn4s1DZfTUjIegHnN2Cm0kbn9YFy45FDVcuCLLONhU7ny0SsCw==}

  '@ethersproject/random@5.8.0':
    resolution: {integrity: sha512-E4I5TDl7SVqyg4/kkA/qTfuLWAQGXmSOgYyO01So8hLfwgKvYK5snIlzxJMk72IFdG/7oh8yuSqY2KX7MMwg+A==}

  '@ethersproject/rlp@5.8.0':
    resolution: {integrity: sha512-LqZgAznqDbiEunaUvykH2JAoXTT9NV0Atqk8rQN9nx9SEgThA/WMx5DnW8a9FOufo//6FZOCHZ+XiClzgbqV9Q==}

  '@ethersproject/sha2@5.8.0':
    resolution: {integrity: sha512-dDOUrXr9wF/YFltgTBYS0tKslPEKr6AekjqDW2dbn1L1xmjGR+9GiKu4ajxovnrDbwxAKdHjW8jNcwfz8PAz4A==}

  '@ethersproject/signing-key@5.8.0':
    resolution: {integrity: sha512-LrPW2ZxoigFi6U6aVkFN/fa9Yx/+4AtIUe4/HACTvKJdhm0eeb107EVCIQcrLZkxaSIgc/eCrX8Q1GtbH+9n3w==}

  '@ethersproject/solidity@5.8.0':
    resolution: {integrity: sha512-4CxFeCgmIWamOHwYN9d+QWGxye9qQLilpgTU0XhYs1OahkclF+ewO+3V1U0mvpiuQxm5EHHmv8f7ClVII8EHsA==}

  '@ethersproject/strings@5.8.0':
    resolution: {integrity: sha512-qWEAk0MAvl0LszjdfnZ2uC8xbR2wdv4cDabyHiBh3Cldq/T8dPH3V4BbBsAYJUeonwD+8afVXld274Ls+Y1xXg==}

  '@ethersproject/transactions@5.8.0':
    resolution: {integrity: sha512-UglxSDjByHG0TuU17bDfCemZ3AnKO2vYrL5/2n2oXvKzvb7Cz+W9gOWXKARjp2URVwcWlQlPOEQyAviKwT4AHg==}

  '@ethersproject/units@5.8.0':
    resolution: {integrity: sha512-lxq0CAnc5kMGIiWW4Mr041VT8IhNM+Pn5T3haO74XZWFulk7wH1Gv64HqE96hT4a7iiNMdOCFEBgaxWuk8ETKQ==}

  '@ethersproject/wallet@5.8.0':
    resolution: {integrity: sha512-G+jnzmgg6UxurVKRKvw27h0kvG75YKXZKdlLYmAHeF32TGUzHkOFd7Zn6QHOTYRFWnfjtSSFjBowKo7vfrXzPA==}

  '@ethersproject/web@5.8.0':
    resolution: {integrity: sha512-j7+Ksi/9KfGviws6Qtf9Q7KCqRhpwrYKQPs+JBA/rKVFF/yaWLHJEH3zfVP2plVu+eys0d2DlFmhoQJayFewcw==}

  '@ethersproject/wordlists@5.8.0':
    resolution: {integrity: sha512-2df9bbXicZws2Sb5S6ET493uJ0Z84Fjr3pC4tu/qlnZERibZCeUVuqdtt+7Tv9xxhUxHoIekIA7avrKUWHrezg==}

  '@flydotio/dockerfile@0.7.8':
    resolution: {integrity: sha512-FmVlJAV+Y8wW6FJa5kLgFNbcuMdryIDXpiFs/d275A4MWbKssJVEk6Fo1A8V1dQYeD0VhORpse6vSc4N0yvBGw==}
    engines: {node: '>=16.0.0'}
    hasBin: true

  '@hono/node-server@1.13.8':
    resolution: {integrity: sha512-fsn8ucecsAXUoVxrUil0m13kOEq4mkX4/4QozCqmY+HpGfKl74OYSn8JcMA8GnG0ClfdRI4/ZSeG7zhFaVg+wg==}
    engines: {node: '>=18.14.1'}
    peerDependencies:
      hono: ^4

  '@inquirer/checkbox@4.1.4':
    resolution: {integrity: sha512-d30576EZdApjAMceijXA5jDzRQHT/MygbC+J8I7EqA6f/FRpYxlRtRJbHF8gHeWYeSdOuTEJqonn7QLB1ELezA==}
    engines: {node: '>=18'}
    peerDependencies:
      '@types/node': '>=18'
    peerDependenciesMeta:
      '@types/node':
        optional: true

  '@inquirer/confirm@5.1.8':
    resolution: {integrity: sha512-dNLWCYZvXDjO3rnQfk2iuJNL4Ivwz/T2+C3+WnNfJKsNGSuOs3wAo2F6e0p946gtSAk31nZMfW+MRmYaplPKsg==}
    engines: {node: '>=18'}
    peerDependencies:
      '@types/node': '>=18'
    peerDependenciesMeta:
      '@types/node':
        optional: true

  '@inquirer/core@10.1.9':
    resolution: {integrity: sha512-sXhVB8n20NYkUBfDYgizGHlpRVaCRjtuzNZA6xpALIUbkgfd2Hjz+DfEN6+h1BRnuxw0/P4jCIMjMsEOAMwAJw==}
    engines: {node: '>=18'}
    peerDependencies:
      '@types/node': '>=18'
    peerDependenciesMeta:
      '@types/node':
        optional: true

  '@inquirer/editor@4.2.9':
    resolution: {integrity: sha512-8HjOppAxO7O4wV1ETUlJFg6NDjp/W2NP5FB9ZPAcinAlNT4ZIWOLe2pUVwmmPRSV0NMdI5r/+lflN55AwZOKSw==}
    engines: {node: '>=18'}
    peerDependencies:
      '@types/node': '>=18'
    peerDependenciesMeta:
      '@types/node':
        optional: true

  '@inquirer/expand@4.0.11':
    resolution: {integrity: sha512-OZSUW4hFMW2TYvX/Sv+NnOZgO8CHT2TU1roUCUIF2T+wfw60XFRRp9MRUPCT06cRnKL+aemt2YmTWwt7rOrNEA==}
    engines: {node: '>=18'}
    peerDependencies:
      '@types/node': '>=18'
    peerDependenciesMeta:
      '@types/node':
        optional: true

  '@inquirer/figures@1.0.11':
    resolution: {integrity: sha512-eOg92lvrn/aRUqbxRyvpEWnrvRuTYRifixHkYVpJiygTgVSBIHDqLh0SrMQXkafvULg3ck11V7xvR+zcgvpHFw==}
    engines: {node: '>=18'}

  '@inquirer/input@4.1.8':
    resolution: {integrity: sha512-WXJI16oOZ3/LiENCAxe8joniNp8MQxF6Wi5V+EBbVA0ZIOpFcL4I9e7f7cXse0HJeIPCWO8Lcgnk98juItCi7Q==}
    engines: {node: '>=18'}
    peerDependencies:
      '@types/node': '>=18'
    peerDependenciesMeta:
      '@types/node':
        optional: true

  '@inquirer/number@3.0.11':
    resolution: {integrity: sha512-pQK68CsKOgwvU2eA53AG/4npRTH2pvs/pZ2bFvzpBhrznh8Mcwt19c+nMO7LHRr3Vreu1KPhNBF3vQAKrjIulw==}
    engines: {node: '>=18'}
    peerDependencies:
      '@types/node': '>=18'
    peerDependenciesMeta:
      '@types/node':
        optional: true

  '@inquirer/password@4.0.11':
    resolution: {integrity: sha512-dH6zLdv+HEv1nBs96Case6eppkRggMe8LoOTl30+Gq5Wf27AO/vHFgStTVz4aoevLdNXqwE23++IXGw4eiOXTg==}
    engines: {node: '>=18'}
    peerDependencies:
      '@types/node': '>=18'
    peerDependenciesMeta:
      '@types/node':
        optional: true

  '@inquirer/prompts@7.4.0':
    resolution: {integrity: sha512-EZiJidQOT4O5PYtqnu1JbF0clv36oW2CviR66c7ma4LsupmmQlUwmdReGKRp456OWPWMz3PdrPiYg3aCk3op2w==}
    engines: {node: '>=18'}
    peerDependencies:
      '@types/node': '>=18'
    peerDependenciesMeta:
      '@types/node':
        optional: true

  '@inquirer/rawlist@4.0.11':
    resolution: {integrity: sha512-uAYtTx0IF/PqUAvsRrF3xvnxJV516wmR6YVONOmCWJbbt87HcDHLfL9wmBQFbNJRv5kCjdYKrZcavDkH3sVJPg==}
    engines: {node: '>=18'}
    peerDependencies:
      '@types/node': '>=18'
    peerDependenciesMeta:
      '@types/node':
        optional: true

  '@inquirer/search@3.0.11':
    resolution: {integrity: sha512-9CWQT0ikYcg6Ls3TOa7jljsD7PgjcsYEM0bYE+Gkz+uoW9u8eaJCRHJKkucpRE5+xKtaaDbrND+nPDoxzjYyew==}
    engines: {node: '>=18'}
    peerDependencies:
      '@types/node': '>=18'
    peerDependenciesMeta:
      '@types/node':
        optional: true

  '@inquirer/select@4.1.0':
    resolution: {integrity: sha512-z0a2fmgTSRN+YBuiK1ROfJ2Nvrpij5lVN3gPDkQGhavdvIVGHGW29LwYZfM/j42Ai2hUghTI/uoBuTbrJk42bA==}
    engines: {node: '>=18'}
    peerDependencies:
      '@types/node': '>=18'
    peerDependenciesMeta:
      '@types/node':
        optional: true

  '@inquirer/type@3.0.5':
    resolution: {integrity: sha512-ZJpeIYYueOz/i/ONzrfof8g89kNdO2hjGuvULROo3O8rlB2CRtSseE5KeirnyE4t/thAn/EwvS/vuQeJCn+NZg==}
    engines: {node: '>=18'}
    peerDependencies:
      '@types/node': '>=18'
    peerDependenciesMeta:
      '@types/node':
        optional: true

  '@noble/curves@1.8.1':
    resolution: {integrity: sha512-warwspo+UYUPep0Q+vtdVB4Ugn8GGQj8iyB3gnRWsztmUHTI3S1nhdiWNsPUGL0vud7JlRRk1XEu7Lq1KGTnMQ==}
    engines: {node: ^14.21.3 || >=16}

  '@noble/hashes@1.7.1':
    resolution: {integrity: sha512-B8XBPsn4vT/KJAGqDzbwztd+6Yte3P4V7iafm24bxgDe/mlRuK6xmWPuCNrKt2vDafZ8MfJLlchDG/vYafQEjQ==}
    engines: {node: ^14.21.3 || >=16}

  '@scure/base@1.2.4':
    resolution: {integrity: sha512-5Yy9czTO47mqz+/J8GM6GIId4umdCk1wc1q8rKERQulIoc8VP9pzDcghv10Tl2E7R96ZUx/PhND3ESYUQX8NuQ==}

  '@scure/bip32@1.6.2':
    resolution: {integrity: sha512-t96EPDMbtGgtb7onKKqxRLfE5g05k7uHnHRM2xdE6BP/ZmxaLtPek4J4KfVn/90IQNrU1IOAqMgiDtUdtbe3nw==}

  '@scure/bip39@1.5.4':
    resolution: {integrity: sha512-TFM4ni0vKvCfBpohoh+/lY05i9gRbSwXWngAsF4CABQxoaOHijxuaZ2R6cStDQ5CHtHO9aGJTr4ksVJASRRyMA==}

  '@types/circomlibjs@0.1.6':
    resolution: {integrity: sha512-yF174bPDaiKgejlZzCSqKwZaqXhlxMcVEHrAtstFohwP05OjtvHXOdxO6HQeTg8WwIdgMg7MJb1WyWZdUCGlPQ==}

  '@types/node@22.13.11':
    resolution: {integrity: sha512-iEUCUJoU0i3VnrCmgoWCXttklWcvoCIx4jzcP22fioIVSdTmjgoEvmAO/QPw6TcS9k5FrNgn4w7q5lGOd1CT5g==}

  abitype@1.0.8:
    resolution: {integrity: sha512-ZeiI6h3GnW06uYDLx0etQtX/p8E24UaHHBj57RSjK7YBFe7iuVn07EDpOeP451D06sF27VOz9JJPlIKJmXgkEg==}
    peerDependencies:
      typescript: '>=5.0.4'
      zod: ^3 >=3.22.0
    peerDependenciesMeta:
      typescript:
        optional: true
      zod:
        optional: true

  aes-js@3.0.0:
    resolution: {integrity: sha512-H7wUZRn8WpTq9jocdxQ2c8x2sKo9ZVmzfRE13GiNJXfp7NcKYEdvl3vspKjXox6RIG2VtaRe4JFvxG4rqp2Zuw==}

  ansi-escapes@4.3.2:
    resolution: {integrity: sha512-gKXj5ALrKWQLsYG9jlTRmR/xKluxHV+Z9QEwNIgCfM1/uwPMCuzVVnh5mwTd+OuBZcwSIMbqssNWRm1lE51QaQ==}
    engines: {node: '>=8'}

  ansi-regex@5.0.1:
    resolution: {integrity: sha512-quJQXlTSUGL2LH9SUXo8VwsY4soanhgo6LNSm84E1LBcE8s3O0wpdiRzyR9z/ZZJMlMWv37qOOb9pdJlMUEKFQ==}
    engines: {node: '>=8'}

  ansi-styles@4.3.0:
    resolution: {integrity: sha512-zbB9rCJAT1rbjiVDb2hqKFHNYLxgtk8NURxZ3IZwD3F6NtxbXZQCnnSi1Lkx+IDohdPlFp222wVALIheZJQSEg==}
    engines: {node: '>=8'}

  async@3.2.6:
    resolution: {integrity: sha512-htCUDlxyyCLMgaM3xXg0C0LW2xqfuQ6p05pCEIsXuyQ+a1koYKTuBMzRNwmybfLgvJDMd0r1LTn4+E0Ti6C2AA==}

  b4a@1.6.7:
    resolution: {integrity: sha512-OnAYlL5b7LEkALw87fUVafQw5rVR9RjwGd4KUwNQ6DrrNmaVaUCgLipfVlzrPQ4tWOR9P0IXGNOx50jYCCdSJg==}

  balanced-match@1.0.2:
    resolution: {integrity: sha512-3oSeUO0TMV67hN1AmbXsK4yaqU7tjiHlbxRDZOpH0KW9+CeX4bRAaX0Anxt0tx2MrpRpWwQaPwIlISEJhYU5Pw==}

  bech32@1.1.4:
    resolution: {integrity: sha512-s0IrSOzLlbvX7yp4WBfPITzpAU8sqQcpsmwXDiKwrG4r491vwCO/XpejasRNl0piBMe/DvP4Tz0mIS/X1DPJBQ==}

  blake-hash@2.0.0:
    resolution: {integrity: sha512-Igj8YowDu1PRkRsxZA7NVkdFNxH5rKv5cpLxQ0CVXSIA77pVYwCPRQJ2sMew/oneUpfuYRyjG6r8SmmmnbZb1w==}
    engines: {node: '>= 10'}

  blake2b-wasm@2.4.0:
    resolution: {integrity: sha512-S1kwmW2ZhZFFFOghcx73+ZajEfKBqhP82JMssxtLVMxlaPea1p9uoLiUZ5WYyHn0KddwbLc+0vh4wR0KBNoT5w==}

  blake2b@2.1.4:
    resolution: {integrity: sha512-AyBuuJNI64gIvwx13qiICz6H6hpmjvYS5DGkG6jbXMOT8Z3WUJ3V1X0FlhIoT1b/5JtHE3ki+xjtMvu1nn+t9A==}

  bn.js@4.12.1:
    resolution: {integrity: sha512-k8TVBiPkPJT9uHLdOKfFpqcfprwBFOAAXXozRubr7R7PfIuKvQlzcI4M0pALeqXN09vdaMbUdUj+pass+uULAg==}

  bn.js@5.2.1:
    resolution: {integrity: sha512-eXRvHzWyYPBuB4NBy0cmYQjGitUrtqwbvlzP3G6VFnNRbsZQIxQ10PbKKHt8gZ/HW/D/747aDl+QkDqg3KQLMQ==}

  brace-expansion@1.1.11:
    resolution: {integrity: sha512-iCuPHDFgrHX7H2vEI/5xpz07zSHB00TpugqhmYtVmMO6518mCuRMoOYFldEBl0g187ufozdaHgWKcYFb61qGiA==}

  brace-expansion@2.0.1:
    resolution: {integrity: sha512-XnAIvQ8eM+kC6aULx6wuQiwVsnzsi9d3WxzV3FpWTGA19F621kwdbsAcFKXgKUHZWsy+mY6iL1sHTxWEFCytDA==}

  brorand@1.1.0:
    resolution: {integrity: sha512-cKV8tMCEpQs4hK/ik71d6LrPOnpkpGBR0wzxqr68g2m/LB2GxVYQroAjMJZRVM1Y4BCjCKc3vAamxSzOY2RP+w==}

  chalk@4.1.2:
    resolution: {integrity: sha512-oKnbhFyRIXpUuez8iBMmyEa4nbj4IOQyuhc/wy9kY7/WVPcwIO9VA668Pu8RkO7+0G76SLROeyw9CpQ061i4mA==}
    engines: {node: '>=10'}

  chalk@5.4.1:
    resolution: {integrity: sha512-zgVZuo2WcZgfUEmsn6eO3kINexW8RAE4maiQ8QNs8CtpPCSyMiYsULR3HQYkm3w8FIA3SberyMJMSldGsW+U3w==}
    engines: {node: ^12.17.0 || ^14.13 || >=16.0.0}

  chardet@0.7.0:
    resolution: {integrity: sha512-mT8iDcrh03qDGRRmoA2hmBJnxpllMR+0/0qlzjqZES6NdiWDcZkCNAk4rPFZ9Q85r27unkiNNg8ZOiwZXBHwcA==}

  circomlibjs@0.1.7:
    resolution: {integrity: sha512-GRAUoAlKAsiiTa+PA725G9RmEmJJRc8tRFxw/zKktUxlQISGznT4hH4ESvW8FNTsrGg/nNd06sGP/Wlx0LUHVg==}

  cli-width@4.1.0:
    resolution: {integrity: sha512-ouuZd4/dm2Sw5Gmqy6bGyNNNe1qt9RpmxveLSO7KcgsTnU7RXfsw+/bukWGo1abgBiMAic068rclZsO4IWmmxQ==}
    engines: {node: '>= 12'}

  cliui@8.0.1:
    resolution: {integrity: sha512-BSeNnyus75C4//NQ9gQt1/csTXyo/8Sb+afLAkzAptFuMsod9HFokGNudZpi/oQV73hnVK+sR+5PVRMd+Dr7YQ==}
    engines: {node: '>=12'}

  color-convert@2.0.1:
    resolution: {integrity: sha512-RRECPsj7iu/xb5oKYcsFHSppFNnsj/52OVTRKb4zP5onXwVF3zVmmToNcOfGC+CRDpfK/U584fMg38ZHCaElKQ==}
    engines: {node: '>=7.0.0'}

  color-name@1.1.4:
    resolution: {integrity: sha512-dOy+3AuW3a2wNbZHIuMZpTcgjGuLU/uBL/ubcZF9OXbDo8ff4O8yVp5Bf0efS8uEoYo5q4Fx7dY9OgQGXgAsQA==}

  concat-map@0.0.1:
    resolution: {integrity: sha512-/Srv4dswyQNBfohGpz9o6Yb3Gz3SrUDqBH5rTuhGR7ahtlbYKnVxw2bCFMRljaA7EXHaXZ8wsHdodFvbkhKmqg==}

  diff@7.0.0:
    resolution: {integrity: sha512-PJWHUb1RFevKCwaFA9RlG5tCd+FO5iRh9A8HEtkmBH2Li03iJriB6m6JIN4rGz3K3JLawI7/veA1xzRKP6ISBw==}
    engines: {node: '>=0.3.1'}

  dotenv@16.4.7:
    resolution: {integrity: sha512-47qPchRCykZC03FhkYAhrvwU4xDBFIj1QPqaarj6mdM/hgUzfPHcpkHJOn3mJAufFeeAxAzeGsr5X0M4k6fLZQ==}
    engines: {node: '>=12'}

  ejs@3.1.10:
    resolution: {integrity: sha512-UeJmFfOrAQS8OJWPZ4qtgHyWExa088/MtK5UEyoJGFH67cDEXkZSviOiKRCZ4Xij0zxI3JECgYs3oKx+AizQBA==}
    engines: {node: '>=0.10.0'}
    hasBin: true

  elliptic@6.6.1:
    resolution: {integrity: sha512-RaddvvMatK2LJHqFJ+YA4WysVN5Ita9E35botqIYspQ4TkRAlCicdzKOjlyv/1Za5RyTNn7di//eEV0uTAfe3g==}

  emoji-regex@8.0.0:
    resolution: {integrity: sha512-MSjYzcWNOA0ewAHpz0MxpYFvwg6yjy1NG3xteoqz644VCo/RPgnr1/GGt+ic3iJTzQ8Eu3TdM14SawnVUmGE6A==}

  escalade@3.2.0:
    resolution: {integrity: sha512-WUj2qlxaQtO4g6Pq5c29GTcWGDyd8itL8zTlipgECz3JesAiiOKotd8JU6otB3PACgG6xkJUyVhboMS+bje/jA==}
    engines: {node: '>=6'}

  ethers@5.8.0:
    resolution: {integrity: sha512-DUq+7fHrCg1aPDFCHx6UIPb3nmt2XMpM7Y/g2gLhsl3lIBqeAfOJIl1qEvRf2uq3BiKxmh6Fh5pfp2ieyek7Kg==}

  eventemitter3@5.0.1:
    resolution: {integrity: sha512-GWkBvjiSZK87ELrYOSESUYeVIc9mvLLf/nXalMOS5dYrgZq9o5OVkbZAVM06CVxYsCwH9BDZFPlQTlPA1j4ahA==}

  external-editor@3.1.0:
    resolution: {integrity: sha512-hMQ4CX1p1izmuLYyZqLMO/qGNw10wSv9QDCPfzXfyFrOaCSSoRfqE1Kf1s5an66J5JZC62NewG+mK49jOCtQew==}
    engines: {node: '>=4'}

  ffjavascript@0.2.63:
    resolution: {integrity: sha512-dBgdsfGks58b66JnUZeZpGxdMIDQ4QsD3VYlRJyFVrKQHb2kJy4R2gufx5oetrTxXPT+aEjg0dOvOLg1N0on4A==}

  filelist@1.0.4:
    resolution: {integrity: sha512-w1cEuf3S+DrLCQL7ET6kz+gmlJdbq9J7yXCSjK/OZCPA+qEN1WyF4ZAf0YYJa4/shHJra2t/d/r8SV4Ji+x+8Q==}

  get-caller-file@2.0.5:
    resolution: {integrity: sha512-DyFP3BM/3YHTQOCUL/w0OZHR0lpKeGrxotcHWcqNEdnltqFwXVfhEBQ94eIo34AfQpo0rGki4cyIiftY06h2Fg==}
    engines: {node: 6.* || 8.* || >= 10.*}

  has-flag@4.0.0:
    resolution: {integrity: sha512-EykJT/Q1KjTWctppgIAgfSO0tKVuZUjhgMr17kqTumMl6Afv3EISleU7qZUzoXDFTAHTDC4NOoG/ZxU3EvlMPQ==}
    engines: {node: '>=8'}

  hash.js@1.1.7:
    resolution: {integrity: sha512-taOaskGt4z4SOANNseOviYDvjEJinIkRgmp7LbKP2YTTmVxWBl87s/uzK9r+44BclBSp2X7K1hqeNfz9JbBeXA==}

  hmac-drbg@1.0.1:
    resolution: {integrity: sha512-Tti3gMqLdZfhOQY1Mzf/AanLiqh1WTiJgEj26ZuYQ9fbkLomzGchCws4FyrSd4VkpBfiNhaE1On+lOz894jvXg==}

  hono@4.7.5:
    resolution: {integrity: sha512-fDOK5W2C1vZACsgLONigdZTRZxuBqFtcKh7bUQ5cVSbwI2RWjloJDcgFOVzbQrlI6pCmhlTsVYZ7zpLj4m4qMQ==}
    engines: {node: '>=16.9.0'}

  iconv-lite@0.4.24:
    resolution: {integrity: sha512-v3MXnZAcvnywkTUEZomIActle7RXXeedOR31wwl7VlyoXO4Qi9arvSenNQWne1TcRwhCL1HwLI21bEqdpj8/rA==}
    engines: {node: '>=0.10.0'}

  inherits@2.0.4:
    resolution: {integrity: sha512-k/vGaX4/Yla3WzyMCvTQOXYeIHvqOKtnqBduzTHpzpQZzAskKMhZ2K+EnBiSM9zGSoIFeMpXKxa4dYeZIQqewQ==}

  inquirer@12.5.0:
    resolution: {integrity: sha512-aiBBq5aKF1k87MTxXDylLfwpRwToShiHrSv4EmB07EYyLgmnjEz5B3rn0aGw1X3JA/64Ngf2T54oGwc+BCsPIQ==}
    engines: {node: '>=18'}
    peerDependencies:
      '@types/node': '>=18'
    peerDependenciesMeta:
      '@types/node':
        optional: true

  is-fullwidth-code-point@3.0.0:
    resolution: {integrity: sha512-zymm5+u+sCsSWyD9qNaejV3DFvhCKclKdizYaJUuHA83RLjb7nSuGnddCHGv0hk+KY7BMAlsWeK4Ueg6EV6XQg==}
    engines: {node: '>=8'}

  isows@1.0.6:
    resolution: {integrity: sha512-lPHCayd40oW98/I0uvgaHKWCSvkzY27LjWLbtzOm64yQ+G3Q5npjjbdppU65iZXkK1Zt+kH9pfegli0AYfwYYw==}
    peerDependencies:
      ws: '*'

  jake@10.9.2:
    resolution: {integrity: sha512-2P4SQ0HrLQ+fw6llpLnOaGAvN2Zu6778SJMrCUwns4fOoG9ayrTiZk3VV8sCPkVZF8ab0zksVpS8FDY5pRCNBA==}
    engines: {node: '>=10'}
    hasBin: true

  js-sha3@0.8.0:
    resolution: {integrity: sha512-gF1cRrHhIzNfToc802P800N8PpXS+evLLXfsVpowqmAFR9uwbi89WvXg2QspOmXL8QL86J4T1EpFu+yUkwJY3Q==}

  minimalistic-assert@1.0.1:
    resolution: {integrity: sha512-UtJcAD4yEaGtjPezWuO9wC4nwUnVH/8/Im3yEHQP4b67cXlD/Qr9hdITCU1xDbSEXg2XKNaP8jsReV7vQd00/A==}

  minimalistic-crypto-utils@1.0.1:
    resolution: {integrity: sha512-JIYlbt6g8i5jKfJ3xz7rF0LXmv2TkDxBLUkiBeZ7bAx4GnnNMr8xFpGnOxn6GhTEHx3SjRrZEoU+j04prX1ktg==}

  minimatch@3.1.2:
    resolution: {integrity: sha512-J7p63hRiAjw1NDEww1W7i37+ByIrOWO5XQQAzZ3VOcL0PNybwpfmV/N05zFAzwQ9USyEcX6t3UO+K5aqBQOIHw==}

  minimatch@5.1.6:
    resolution: {integrity: sha512-lKwV/1brpG6mBUFHtb7NUmtABCb2WZZmm2wNiOA5hAb8VdCS4B3dtMWyvcoViccwAW/COERjXLt0zP1zXUN26g==}
    engines: {node: '>=10'}

  mute-stream@2.0.0:
    resolution: {integrity: sha512-WWdIxpyjEn+FhQJQQv9aQAYlHoNVdzIzUySNV1gHUPDSdZJ3yZn7pAAbQcV7B56Mvu881q9FZV+0Vx2xC44VWA==}
    engines: {node: ^18.17.0 || >=20.5.0}

  nanoassert@2.0.0:
    resolution: {integrity: sha512-7vO7n28+aYO4J+8w96AzhmU8G+Y/xpPDJz/se19ICsqj/momRbb9mh9ZUtkoJ5X3nTnPdhEJyc0qnM6yAsHBaA==}

  node-addon-api@3.2.1:
    resolution: {integrity: sha512-mmcei9JghVNDYydghQmeDX8KoAm0FAiYyIcUt/N4nhyAipB17pllZQDOJD2fotxABnt4Mdz+dKTO7eftLg4d0A==}

  node-gyp-build@4.8.4:
    resolution: {integrity: sha512-LA4ZjwlnUblHVgq0oBF3Jl/6h/Nvs5fzBLwdEF4nuxnFdsfajde4WfxtJr3CaiH+F6ewcIB/q4jQ4UzPyid+CQ==}
    hasBin: true

  os-tmpdir@1.0.2:
    resolution: {integrity: sha512-D2FR03Vir7FIu45XBY20mTb+/ZSWB00sjU9jdQXt83gDrI4Ztz5Fs7/yy74g2N5SVQY4xY1qDr4rNddwYRVX0g==}
    engines: {node: '>=0.10.0'}

  ox@0.6.9:
    resolution: {integrity: sha512-wi5ShvzE4eOcTwQVsIPdFr+8ycyX+5le/96iAJutaZAvCes1J0+RvpEPg5QDPDiaR0XQQAvZVl7AwqQcINuUug==}
    peerDependencies:
      typescript: '>=5.4.0'
    peerDependenciesMeta:
      typescript:
        optional: true

  readable-stream@3.6.2:
    resolution: {integrity: sha512-9u/sniCrY3D5WdsERHzHE4G2YCXqoG5FTHUiCC4SIbr6XcLZBY05ya9EKjYek9O5xOAwjGq+1JdGBAS7Q9ScoA==}
    engines: {node: '>= 6'}

  require-directory@2.1.1:
    resolution: {integrity: sha512-fGxEI7+wsG9xrvdjsrlmL22OMTTiHRwAMroiEeMgq8gzoLC/PQr7RsRDSTLUg/bZAZtF+TVIkHc6/4RIKrui+Q==}
    engines: {node: '>=0.10.0'}

  run-async@3.0.0:
    resolution: {integrity: sha512-540WwVDOMxA6dN6We19EcT9sc3hkXPw5mzRNGM3FkdN/vtE9NFvj5lFAPNwUDmJjXidm3v7TC1cTE7t17Ulm1Q==}
    engines: {node: '>=0.12.0'}

  rxjs@7.8.2:
    resolution: {integrity: sha512-dhKf903U/PQZY6boNNtAGdWbG85WAbjT/1xYoZIC7FAY0yWapOBQVsVrDl58W86//e1VpMNBtRV4MaXfdMySFA==}

  safe-buffer@5.2.1:
    resolution: {integrity: sha512-rp3So07KcdmmKbGvgaNxQSJr7bGVSVk5S9Eq1F+ppbRo70+YeaDxkw5Dd8NPN+GD6bjnYm2VuPuCXmpuYvmCXQ==}

  safer-buffer@2.1.2:
    resolution: {integrity: sha512-YZo3K82SD7Riyi0E1EQPojLz7kpepnSQI9IyPbHHg1XXXevb5dJI7tpyN2ADxGcQbHG7vcyRHk0cbwqcQriUtg==}

  scrypt-js@3.0.1:
    resolution: {integrity: sha512-cdwTTnqPu0Hyvf5in5asVdZocVDTNRmR7XEcJuIzMjJeSHybHl7vpB66AzwTaIg6CLSbtjcxc8fqcySfnTkccA==}

  shell-quote@1.8.2:
    resolution: {integrity: sha512-AzqKpGKjrj7EM6rKVQEPpB288oCfnrEIuyoT9cyF4nmGa7V8Zk6f7RRqYisX8X9m+Q7bd632aZW4ky7EhbQztA==}
    engines: {node: '>= 0.4'}

  signal-exit@4.1.0:
    resolution: {integrity: sha512-bzyZ1e88w9O1iNJbKnOlvYTrWPDl46O1bG0D3XInv+9tkPrxrN8jUUTiFlDkkmKWgn1M6CfIA13SuGqOa9Korw==}
    engines: {node: '>=14'}

  string-width@4.2.3:
    resolution: {integrity: sha512-wKyQRQpjJ0sIp62ErSZdGsjMJWsap5oRNihHhu6G7JVO/9jIB6UyevL+tXuOqrng8j/cxKTWyWUwvSTriiZz/g==}
    engines: {node: '>=8'}

  string_decoder@1.3.0:
    resolution: {integrity: sha512-hkRX8U1WjJFd8LsDJ2yQ/wWWxaopEsABU1XfkM8A+j0+85JAGppt16cr1Whg6KIbb4okU6Mql6BOj+uup/wKeA==}

  strip-ansi@6.0.1:
    resolution: {integrity: sha512-Y38VPSHcqkFrCpFnQ9vuSXmquuv5oXOKpGeT6aGrr3o3Gc9AlVa6JBfUSOCnbxGGZF+/0ooI7KrPuUSztUdU5A==}
    engines: {node: '>=8'}

  supports-color@7.2.0:
    resolution: {integrity: sha512-qpCAvRl9stuOHveKsn7HncJRvv501qIacKzQlO/+Lwxc9+0q2wLyv4Dfvt80/DPn2pqOBsJdDiogXGR9+OvwRw==}
    engines: {node: '>=8'}

  tmp@0.0.33:
    resolution: {integrity: sha512-jRCJlojKnZ3addtTOjdIqoRuPEKBvNXcGYqzO6zWZX8KfKEpnGY5jfggJQ3EjKuu8D4bJRr0y+cYJFmYbImXGw==}
    engines: {node: '>=0.6.0'}

  tslib@2.8.1:
    resolution: {integrity: sha512-oJFu94HQb+KVduSUQL7wnpmqnfmLsOA/nAh6b6EH0wCEoK0/mPeXU6c3wKDV83MkOuHPRHtSXKKU99IBazS/2w==}

  type-fest@0.21.3:
    resolution: {integrity: sha512-t0rzBq87m3fVcduHDUFhKmyyX+9eo6WQjZvf51Ea/M0Q7+T374Jp1aUiyUl0GKxp8M/OETVHSDvmkyPgvX+X2w==}
    engines: {node: '>=10'}

  undici-types@6.20.0:
    resolution: {integrity: sha512-Ny6QZ2Nju20vw1SRHe3d9jVu6gJ+4e3+MMpqu7pqE5HT6WsTSlce++GQmK5UXS8mzV8DSYHrQH+Xrf2jVcuKNg==}

  util-deprecate@1.0.2:
    resolution: {integrity: sha512-EPD5q1uXyFxJpCrLnCc1nHnq3gOa6DZBocAIiI2TaSCA7VCJ1UJDMagCzIkXNsUYfD1daK//LTEQ8xiIbrHtcw==}

  viem@2.23.13:
    resolution: {integrity: sha512-f3RkcrzGhU79GfBb9GHUL0m3e3LUsNudXIQTFp4fit5hUGb0ew9KOYZ6cCY5d4Melj3noBy2zq0K2fV+mp+Cpg==}
    peerDependencies:
      typescript: '>=5.0.4'
    peerDependenciesMeta:
      typescript:
        optional: true

  wasmbuilder@0.0.16:
    resolution: {integrity: sha512-Qx3lEFqaVvp1cEYW7Bfi+ebRJrOiwz2Ieu7ZG2l7YyeSJIok/reEQCQCuicj/Y32ITIJuGIM9xZQppGx5LrQdA==}

  wasmcurves@0.2.2:
    resolution: {integrity: sha512-JRY908NkmKjFl4ytnTu5ED6AwPD+8VJ9oc94kdq7h5bIwbj0L4TDJ69mG+2aLs2SoCmGfqIesMWTEJjtYsoQXQ==}

  web-worker@1.2.0:
    resolution: {integrity: sha512-PgF341avzqyx60neE9DD+XS26MMNMoUQRz9NOZwW32nPQrF6p77f1htcnjBSEV8BGMKZ16choqUG4hyI0Hx7mA==}

  wrap-ansi@6.2.0:
    resolution: {integrity: sha512-r6lPcBGxZXlIcymEu7InxDMhdW0KDxpLgoFLcguasxCaJ/SOIZwINatK9KY/tf+ZrlywOKU0UDj3ATXUBfxJXA==}
    engines: {node: '>=8'}

  wrap-ansi@7.0.0:
    resolution: {integrity: sha512-YVGIj2kamLSTxw6NsZjoBxfSwsn0ycdesmc4p+Q21c5zPuZ1pl+NfxVdxPtdHvmNVOQ6XSYG4AUtyt/Fi7D16Q==}
    engines: {node: '>=10'}

  ws@8.18.0:
    resolution: {integrity: sha512-8VbfWfHLbbwu3+N6OKsOMpBdT4kXPDDB9cJk2bJ6mh9ucxdlnNvH1e+roYkKmN9Nxw2yjz7VzeO9oOz2zJ04Pw==}
    engines: {node: '>=10.0.0'}
    peerDependencies:
      bufferutil: ^4.0.1
      utf-8-validate: '>=5.0.2'
    peerDependenciesMeta:
      bufferutil:
        optional: true
      utf-8-validate:
        optional: true

  ws@8.18.1:
    resolution: {integrity: sha512-RKW2aJZMXeMxVpnZ6bck+RswznaxmzdULiBr6KY7XkTnW8uvt0iT9H5DkHUChXrc+uurzwa0rVI16n/Xzjdz1w==}
    engines: {node: '>=10.0.0'}
    peerDependencies:
      bufferutil: ^4.0.1
      utf-8-validate: '>=5.0.2'
    peerDependenciesMeta:
      bufferutil:
        optional: true
      utf-8-validate:
        optional: true

  y18n@5.0.8:
    resolution: {integrity: sha512-0pfFzegeDWJHJIAmTLRP2DwHjdF5s7jo9tuztdQxAhINCdvS+3nGINqPd00AphqJR/0LhANUS6/+7SCb98YOfA==}
    engines: {node: '>=10'}

  yargs-parser@21.1.1:
    resolution: {integrity: sha512-tVpsJW7DdjecAiFpbIB1e3qxIQsE6NoPc5/eTdrbbIC4h0LVsWhnoa3g+m2HclBIujHzsxZ4VJVA+GUuc2/LBw==}
    engines: {node: '>=12'}

  yargs@17.7.2:
    resolution: {integrity: sha512-7dSzzRQ++CKnNI/krKnYRV7JKKPUXMEh61soaHKg9mrWEhzFWhFnxPxGl+69cD1Ou63C13NUPCnmIcrvqCuM6w==}
    engines: {node: '>=12'}

  yoctocolors-cjs@2.1.2:
    resolution: {integrity: sha512-cYVsTjKl8b+FrnidjibDWskAv7UKOfcwaVZdp/it9n1s9fU3IkgDbhdIRKCW4JDsAlECJY0ytoVPT3sK6kideA==}
    engines: {node: '>=18'}

snapshots:

  '@adraffy/ens-normalize@1.11.0': {}

  '@ethersproject/abi@5.8.0':
    dependencies:
      '@ethersproject/address': 5.8.0
      '@ethersproject/bignumber': 5.8.0
      '@ethersproject/bytes': 5.8.0
      '@ethersproject/constants': 5.8.0
      '@ethersproject/hash': 5.8.0
      '@ethersproject/keccak256': 5.8.0
      '@ethersproject/logger': 5.8.0
      '@ethersproject/properties': 5.8.0
      '@ethersproject/strings': 5.8.0

  '@ethersproject/abstract-provider@5.8.0':
    dependencies:
      '@ethersproject/bignumber': 5.8.0
      '@ethersproject/bytes': 5.8.0
      '@ethersproject/logger': 5.8.0
      '@ethersproject/networks': 5.8.0
      '@ethersproject/properties': 5.8.0
      '@ethersproject/transactions': 5.8.0
      '@ethersproject/web': 5.8.0

  '@ethersproject/abstract-signer@5.8.0':
    dependencies:
      '@ethersproject/abstract-provider': 5.8.0
      '@ethersproject/bignumber': 5.8.0
      '@ethersproject/bytes': 5.8.0
      '@ethersproject/logger': 5.8.0
      '@ethersproject/properties': 5.8.0

  '@ethersproject/address@5.8.0':
    dependencies:
      '@ethersproject/bignumber': 5.8.0
      '@ethersproject/bytes': 5.8.0
      '@ethersproject/keccak256': 5.8.0
      '@ethersproject/logger': 5.8.0
      '@ethersproject/rlp': 5.8.0

  '@ethersproject/base64@5.8.0':
    dependencies:
      '@ethersproject/bytes': 5.8.0

  '@ethersproject/basex@5.8.0':
    dependencies:
      '@ethersproject/bytes': 5.8.0
      '@ethersproject/properties': 5.8.0

  '@ethersproject/bignumber@5.8.0':
    dependencies:
      '@ethersproject/bytes': 5.8.0
      '@ethersproject/logger': 5.8.0
      bn.js: 5.2.1

  '@ethersproject/bytes@5.8.0':
    dependencies:
      '@ethersproject/logger': 5.8.0

  '@ethersproject/constants@5.8.0':
    dependencies:
      '@ethersproject/bignumber': 5.8.0

  '@ethersproject/contracts@5.8.0':
    dependencies:
      '@ethersproject/abi': 5.8.0
      '@ethersproject/abstract-provider': 5.8.0
      '@ethersproject/abstract-signer': 5.8.0
      '@ethersproject/address': 5.8.0
      '@ethersproject/bignumber': 5.8.0
      '@ethersproject/bytes': 5.8.0
      '@ethersproject/constants': 5.8.0
      '@ethersproject/logger': 5.8.0
      '@ethersproject/properties': 5.8.0
      '@ethersproject/transactions': 5.8.0

  '@ethersproject/hash@5.8.0':
    dependencies:
      '@ethersproject/abstract-signer': 5.8.0
      '@ethersproject/address': 5.8.0
      '@ethersproject/base64': 5.8.0
      '@ethersproject/bignumber': 5.8.0
      '@ethersproject/bytes': 5.8.0
      '@ethersproject/keccak256': 5.8.0
      '@ethersproject/logger': 5.8.0
      '@ethersproject/properties': 5.8.0
      '@ethersproject/strings': 5.8.0

  '@ethersproject/hdnode@5.8.0':
    dependencies:
      '@ethersproject/abstract-signer': 5.8.0
      '@ethersproject/basex': 5.8.0
      '@ethersproject/bignumber': 5.8.0
      '@ethersproject/bytes': 5.8.0
      '@ethersproject/logger': 5.8.0
      '@ethersproject/pbkdf2': 5.8.0
      '@ethersproject/properties': 5.8.0
      '@ethersproject/sha2': 5.8.0
      '@ethersproject/signing-key': 5.8.0
      '@ethersproject/strings': 5.8.0
      '@ethersproject/transactions': 5.8.0
      '@ethersproject/wordlists': 5.8.0

  '@ethersproject/json-wallets@5.8.0':
    dependencies:
      '@ethersproject/abstract-signer': 5.8.0
      '@ethersproject/address': 5.8.0
      '@ethersproject/bytes': 5.8.0
      '@ethersproject/hdnode': 5.8.0
      '@ethersproject/keccak256': 5.8.0
      '@ethersproject/logger': 5.8.0
      '@ethersproject/pbkdf2': 5.8.0
      '@ethersproject/properties': 5.8.0
      '@ethersproject/random': 5.8.0
      '@ethersproject/strings': 5.8.0
      '@ethersproject/transactions': 5.8.0
      aes-js: 3.0.0
      scrypt-js: 3.0.1

  '@ethersproject/keccak256@5.8.0':
    dependencies:
      '@ethersproject/bytes': 5.8.0
      js-sha3: 0.8.0

  '@ethersproject/logger@5.8.0': {}

  '@ethersproject/networks@5.8.0':
    dependencies:
      '@ethersproject/logger': 5.8.0

  '@ethersproject/pbkdf2@5.8.0':
    dependencies:
      '@ethersproject/bytes': 5.8.0
      '@ethersproject/sha2': 5.8.0

  '@ethersproject/properties@5.8.0':
    dependencies:
      '@ethersproject/logger': 5.8.0

  '@ethersproject/providers@5.8.0':
    dependencies:
      '@ethersproject/abstract-provider': 5.8.0
      '@ethersproject/abstract-signer': 5.8.0
      '@ethersproject/address': 5.8.0
      '@ethersproject/base64': 5.8.0
      '@ethersproject/basex': 5.8.0
      '@ethersproject/bignumber': 5.8.0
      '@ethersproject/bytes': 5.8.0
      '@ethersproject/constants': 5.8.0
      '@ethersproject/hash': 5.8.0
      '@ethersproject/logger': 5.8.0
      '@ethersproject/networks': 5.8.0
      '@ethersproject/properties': 5.8.0
      '@ethersproject/random': 5.8.0
      '@ethersproject/rlp': 5.8.0
      '@ethersproject/sha2': 5.8.0
      '@ethersproject/strings': 5.8.0
      '@ethersproject/transactions': 5.8.0
      '@ethersproject/web': 5.8.0
      bech32: 1.1.4
      ws: 8.18.0
    transitivePeerDependencies:
      - bufferutil
      - utf-8-validate

  '@ethersproject/random@5.8.0':
    dependencies:
      '@ethersproject/bytes': 5.8.0
      '@ethersproject/logger': 5.8.0

  '@ethersproject/rlp@5.8.0':
    dependencies:
      '@ethersproject/bytes': 5.8.0
      '@ethersproject/logger': 5.8.0

  '@ethersproject/sha2@5.8.0':
    dependencies:
      '@ethersproject/bytes': 5.8.0
      '@ethersproject/logger': 5.8.0
      hash.js: 1.1.7

  '@ethersproject/signing-key@5.8.0':
    dependencies:
      '@ethersproject/bytes': 5.8.0
      '@ethersproject/logger': 5.8.0
      '@ethersproject/properties': 5.8.0
      bn.js: 5.2.1
      elliptic: 6.6.1
      hash.js: 1.1.7

  '@ethersproject/solidity@5.8.0':
    dependencies:
      '@ethersproject/bignumber': 5.8.0
      '@ethersproject/bytes': 5.8.0
      '@ethersproject/keccak256': 5.8.0
      '@ethersproject/logger': 5.8.0
      '@ethersproject/sha2': 5.8.0
      '@ethersproject/strings': 5.8.0

  '@ethersproject/strings@5.8.0':
    dependencies:
      '@ethersproject/bytes': 5.8.0
      '@ethersproject/constants': 5.8.0
      '@ethersproject/logger': 5.8.0

  '@ethersproject/transactions@5.8.0':
    dependencies:
      '@ethersproject/address': 5.8.0
      '@ethersproject/bignumber': 5.8.0
      '@ethersproject/bytes': 5.8.0
      '@ethersproject/constants': 5.8.0
      '@ethersproject/keccak256': 5.8.0
      '@ethersproject/logger': 5.8.0
      '@ethersproject/properties': 5.8.0
      '@ethersproject/rlp': 5.8.0
      '@ethersproject/signing-key': 5.8.0

  '@ethersproject/units@5.8.0':
    dependencies:
      '@ethersproject/bignumber': 5.8.0
      '@ethersproject/constants': 5.8.0
      '@ethersproject/logger': 5.8.0

  '@ethersproject/wallet@5.8.0':
    dependencies:
      '@ethersproject/abstract-provider': 5.8.0
      '@ethersproject/abstract-signer': 5.8.0
      '@ethersproject/address': 5.8.0
      '@ethersproject/bignumber': 5.8.0
      '@ethersproject/bytes': 5.8.0
      '@ethersproject/hash': 5.8.0
      '@ethersproject/hdnode': 5.8.0
      '@ethersproject/json-wallets': 5.8.0
      '@ethersproject/keccak256': 5.8.0
      '@ethersproject/logger': 5.8.0
      '@ethersproject/properties': 5.8.0
      '@ethersproject/random': 5.8.0
      '@ethersproject/signing-key': 5.8.0
      '@ethersproject/transactions': 5.8.0
      '@ethersproject/wordlists': 5.8.0

  '@ethersproject/web@5.8.0':
    dependencies:
      '@ethersproject/base64': 5.8.0
      '@ethersproject/bytes': 5.8.0
      '@ethersproject/logger': 5.8.0
      '@ethersproject/properties': 5.8.0
      '@ethersproject/strings': 5.8.0

  '@ethersproject/wordlists@5.8.0':
    dependencies:
      '@ethersproject/bytes': 5.8.0
      '@ethersproject/hash': 5.8.0
      '@ethersproject/logger': 5.8.0
      '@ethersproject/properties': 5.8.0
      '@ethersproject/strings': 5.8.0

  '@flydotio/dockerfile@0.7.8(@types/node@22.13.11)':
    dependencies:
      chalk: 5.4.1
      diff: 7.0.0
      ejs: 3.1.10
      inquirer: 12.5.0(@types/node@22.13.11)
      shell-quote: 1.8.2
      yargs: 17.7.2
    transitivePeerDependencies:
      - '@types/node'

  '@hono/node-server@1.13.8(hono@4.7.5)':
    dependencies:
      hono: 4.7.5

  '@inquirer/checkbox@4.1.4(@types/node@22.13.11)':
    dependencies:
      '@inquirer/core': 10.1.9(@types/node@22.13.11)
      '@inquirer/figures': 1.0.11
      '@inquirer/type': 3.0.5(@types/node@22.13.11)
      ansi-escapes: 4.3.2
      yoctocolors-cjs: 2.1.2
    optionalDependencies:
      '@types/node': 22.13.11

  '@inquirer/confirm@5.1.8(@types/node@22.13.11)':
    dependencies:
      '@inquirer/core': 10.1.9(@types/node@22.13.11)
      '@inquirer/type': 3.0.5(@types/node@22.13.11)
    optionalDependencies:
      '@types/node': 22.13.11

  '@inquirer/core@10.1.9(@types/node@22.13.11)':
    dependencies:
      '@inquirer/figures': 1.0.11
      '@inquirer/type': 3.0.5(@types/node@22.13.11)
      ansi-escapes: 4.3.2
      cli-width: 4.1.0
      mute-stream: 2.0.0
      signal-exit: 4.1.0
      wrap-ansi: 6.2.0
      yoctocolors-cjs: 2.1.2
    optionalDependencies:
      '@types/node': 22.13.11

  '@inquirer/editor@4.2.9(@types/node@22.13.11)':
    dependencies:
      '@inquirer/core': 10.1.9(@types/node@22.13.11)
      '@inquirer/type': 3.0.5(@types/node@22.13.11)
      external-editor: 3.1.0
    optionalDependencies:
      '@types/node': 22.13.11

  '@inquirer/expand@4.0.11(@types/node@22.13.11)':
    dependencies:
      '@inquirer/core': 10.1.9(@types/node@22.13.11)
      '@inquirer/type': 3.0.5(@types/node@22.13.11)
      yoctocolors-cjs: 2.1.2
    optionalDependencies:
      '@types/node': 22.13.11

  '@inquirer/figures@1.0.11': {}

  '@inquirer/input@4.1.8(@types/node@22.13.11)':
    dependencies:
      '@inquirer/core': 10.1.9(@types/node@22.13.11)
      '@inquirer/type': 3.0.5(@types/node@22.13.11)
    optionalDependencies:
      '@types/node': 22.13.11

  '@inquirer/number@3.0.11(@types/node@22.13.11)':
    dependencies:
      '@inquirer/core': 10.1.9(@types/node@22.13.11)
      '@inquirer/type': 3.0.5(@types/node@22.13.11)
    optionalDependencies:
      '@types/node': 22.13.11

  '@inquirer/password@4.0.11(@types/node@22.13.11)':
    dependencies:
      '@inquirer/core': 10.1.9(@types/node@22.13.11)
      '@inquirer/type': 3.0.5(@types/node@22.13.11)
      ansi-escapes: 4.3.2
    optionalDependencies:
      '@types/node': 22.13.11

  '@inquirer/prompts@7.4.0(@types/node@22.13.11)':
    dependencies:
      '@inquirer/checkbox': 4.1.4(@types/node@22.13.11)
      '@inquirer/confirm': 5.1.8(@types/node@22.13.11)
      '@inquirer/editor': 4.2.9(@types/node@22.13.11)
      '@inquirer/expand': 4.0.11(@types/node@22.13.11)
      '@inquirer/input': 4.1.8(@types/node@22.13.11)
      '@inquirer/number': 3.0.11(@types/node@22.13.11)
      '@inquirer/password': 4.0.11(@types/node@22.13.11)
      '@inquirer/rawlist': 4.0.11(@types/node@22.13.11)
      '@inquirer/search': 3.0.11(@types/node@22.13.11)
      '@inquirer/select': 4.1.0(@types/node@22.13.11)
    optionalDependencies:
      '@types/node': 22.13.11

  '@inquirer/rawlist@4.0.11(@types/node@22.13.11)':
    dependencies:
      '@inquirer/core': 10.1.9(@types/node@22.13.11)
      '@inquirer/type': 3.0.5(@types/node@22.13.11)
      yoctocolors-cjs: 2.1.2
    optionalDependencies:
      '@types/node': 22.13.11

  '@inquirer/search@3.0.11(@types/node@22.13.11)':
    dependencies:
      '@inquirer/core': 10.1.9(@types/node@22.13.11)
      '@inquirer/figures': 1.0.11
      '@inquirer/type': 3.0.5(@types/node@22.13.11)
      yoctocolors-cjs: 2.1.2
    optionalDependencies:
      '@types/node': 22.13.11

  '@inquirer/select@4.1.0(@types/node@22.13.11)':
    dependencies:
      '@inquirer/core': 10.1.9(@types/node@22.13.11)
      '@inquirer/figures': 1.0.11
      '@inquirer/type': 3.0.5(@types/node@22.13.11)
      ansi-escapes: 4.3.2
      yoctocolors-cjs: 2.1.2
    optionalDependencies:
      '@types/node': 22.13.11

  '@inquirer/type@3.0.5(@types/node@22.13.11)':
    optionalDependencies:
      '@types/node': 22.13.11

  '@noble/curves@1.8.1':
    dependencies:
      '@noble/hashes': 1.7.1

  '@noble/hashes@1.7.1': {}

  '@scure/base@1.2.4': {}

  '@scure/bip32@1.6.2':
    dependencies:
      '@noble/curves': 1.8.1
      '@noble/hashes': 1.7.1
      '@scure/base': 1.2.4

  '@scure/bip39@1.5.4':
    dependencies:
      '@noble/hashes': 1.7.1
      '@scure/base': 1.2.4

  '@types/circomlibjs@0.1.6': {}

  '@types/node@22.13.11':
    dependencies:
      undici-types: 6.20.0

  abitype@1.0.8: {}

  aes-js@3.0.0: {}

  ansi-escapes@4.3.2:
    dependencies:
      type-fest: 0.21.3

  ansi-regex@5.0.1: {}

  ansi-styles@4.3.0:
    dependencies:
      color-convert: 2.0.1

  async@3.2.6: {}

  b4a@1.6.7: {}

  balanced-match@1.0.2: {}

  bech32@1.1.4: {}

  blake-hash@2.0.0:
    dependencies:
      node-addon-api: 3.2.1
      node-gyp-build: 4.8.4
      readable-stream: 3.6.2

  blake2b-wasm@2.4.0:
    dependencies:
      b4a: 1.6.7
      nanoassert: 2.0.0

  blake2b@2.1.4:
    dependencies:
      blake2b-wasm: 2.4.0
      nanoassert: 2.0.0

  bn.js@4.12.1: {}

  bn.js@5.2.1: {}

  brace-expansion@1.1.11:
    dependencies:
      balanced-match: 1.0.2
      concat-map: 0.0.1

  brace-expansion@2.0.1:
    dependencies:
      balanced-match: 1.0.2

  brorand@1.1.0: {}

  chalk@4.1.2:
    dependencies:
      ansi-styles: 4.3.0
      supports-color: 7.2.0

  chalk@5.4.1: {}

  chardet@0.7.0: {}

  circomlibjs@0.1.7:
    dependencies:
      blake-hash: 2.0.0
      blake2b: 2.1.4
      ethers: 5.8.0
      ffjavascript: 0.2.63
    transitivePeerDependencies:
      - bufferutil
      - utf-8-validate

  cli-width@4.1.0: {}

  cliui@8.0.1:
    dependencies:
      string-width: 4.2.3
      strip-ansi: 6.0.1
      wrap-ansi: 7.0.0

  color-convert@2.0.1:
    dependencies:
      color-name: 1.1.4

  color-name@1.1.4: {}

  concat-map@0.0.1: {}

  diff@7.0.0: {}

  dotenv@16.4.7: {}

  ejs@3.1.10:
    dependencies:
      jake: 10.9.2

  elliptic@6.6.1:
    dependencies:
      bn.js: 4.12.1
      brorand: 1.1.0
      hash.js: 1.1.7
      hmac-drbg: 1.0.1
      inherits: 2.0.4
      minimalistic-assert: 1.0.1
      minimalistic-crypto-utils: 1.0.1

  emoji-regex@8.0.0: {}

  escalade@3.2.0: {}

  ethers@5.8.0:
    dependencies:
      '@ethersproject/abi': 5.8.0
      '@ethersproject/abstract-provider': 5.8.0
      '@ethersproject/abstract-signer': 5.8.0
      '@ethersproject/address': 5.8.0
      '@ethersproject/base64': 5.8.0
      '@ethersproject/basex': 5.8.0
      '@ethersproject/bignumber': 5.8.0
      '@ethersproject/bytes': 5.8.0
      '@ethersproject/constants': 5.8.0
      '@ethersproject/contracts': 5.8.0
      '@ethersproject/hash': 5.8.0
      '@ethersproject/hdnode': 5.8.0
      '@ethersproject/json-wallets': 5.8.0
      '@ethersproject/keccak256': 5.8.0
      '@ethersproject/logger': 5.8.0
      '@ethersproject/networks': 5.8.0
      '@ethersproject/pbkdf2': 5.8.0
      '@ethersproject/properties': 5.8.0
      '@ethersproject/providers': 5.8.0
      '@ethersproject/random': 5.8.0
      '@ethersproject/rlp': 5.8.0
      '@ethersproject/sha2': 5.8.0
      '@ethersproject/signing-key': 5.8.0
      '@ethersproject/solidity': 5.8.0
      '@ethersproject/strings': 5.8.0
      '@ethersproject/transactions': 5.8.0
      '@ethersproject/units': 5.8.0
      '@ethersproject/wallet': 5.8.0
      '@ethersproject/web': 5.8.0
      '@ethersproject/wordlists': 5.8.0
    transitivePeerDependencies:
      - bufferutil
      - utf-8-validate

  eventemitter3@5.0.1: {}

  external-editor@3.1.0:
    dependencies:
      chardet: 0.7.0
      iconv-lite: 0.4.24
      tmp: 0.0.33

  ffjavascript@0.2.63:
    dependencies:
      wasmbuilder: 0.0.16
      wasmcurves: 0.2.2
      web-worker: 1.2.0

  filelist@1.0.4:
    dependencies:
      minimatch: 5.1.6

  get-caller-file@2.0.5: {}

  has-flag@4.0.0: {}

  hash.js@1.1.7:
    dependencies:
      inherits: 2.0.4
      minimalistic-assert: 1.0.1

  hmac-drbg@1.0.1:
    dependencies:
      hash.js: 1.1.7
      minimalistic-assert: 1.0.1
      minimalistic-crypto-utils: 1.0.1

  hono@4.7.5: {}

  iconv-lite@0.4.24:
    dependencies:
      safer-buffer: 2.1.2

  inherits@2.0.4: {}

  inquirer@12.5.0(@types/node@22.13.11):
    dependencies:
      '@inquirer/core': 10.1.9(@types/node@22.13.11)
      '@inquirer/prompts': 7.4.0(@types/node@22.13.11)
      '@inquirer/type': 3.0.5(@types/node@22.13.11)
      ansi-escapes: 4.3.2
      mute-stream: 2.0.0
      run-async: 3.0.0
      rxjs: 7.8.2
    optionalDependencies:
      '@types/node': 22.13.11

  is-fullwidth-code-point@3.0.0: {}

  isows@1.0.6(ws@8.18.1):
    dependencies:
      ws: 8.18.1

  jake@10.9.2:
    dependencies:
      async: 3.2.6
      chalk: 4.1.2
      filelist: 1.0.4
      minimatch: 3.1.2

  js-sha3@0.8.0: {}

  minimalistic-assert@1.0.1: {}

  minimalistic-crypto-utils@1.0.1: {}

  minimatch@3.1.2:
    dependencies:
      brace-expansion: 1.1.11

  minimatch@5.1.6:
    dependencies:
      brace-expansion: 2.0.1

  mute-stream@2.0.0: {}

  nanoassert@2.0.0: {}

  node-addon-api@3.2.1: {}

  node-gyp-build@4.8.4: {}

  os-tmpdir@1.0.2: {}

  ox@0.6.9:
    dependencies:
      '@adraffy/ens-normalize': 1.11.0
      '@noble/curves': 1.8.1
      '@noble/hashes': 1.7.1
      '@scure/bip32': 1.6.2
      '@scure/bip39': 1.5.4
      abitype: 1.0.8
      eventemitter3: 5.0.1
    transitivePeerDependencies:
      - zod

  readable-stream@3.6.2:
    dependencies:
      inherits: 2.0.4
      string_decoder: 1.3.0
      util-deprecate: 1.0.2

  require-directory@2.1.1: {}

  run-async@3.0.0: {}

  rxjs@7.8.2:
    dependencies:
      tslib: 2.8.1

  safe-buffer@5.2.1: {}

  safer-buffer@2.1.2: {}

  scrypt-js@3.0.1: {}

  shell-quote@1.8.2: {}

  signal-exit@4.1.0: {}

  string-width@4.2.3:
    dependencies:
      emoji-regex: 8.0.0
      is-fullwidth-code-point: 3.0.0
      strip-ansi: 6.0.1

  string_decoder@1.3.0:
    dependencies:
      safe-buffer: 5.2.1

  strip-ansi@6.0.1:
    dependencies:
      ansi-regex: 5.0.1

  supports-color@7.2.0:
    dependencies:
      has-flag: 4.0.0

  tmp@0.0.33:
    dependencies:
      os-tmpdir: 1.0.2

  tslib@2.8.1: {}

  type-fest@0.21.3: {}

  undici-types@6.20.0: {}

  util-deprecate@1.0.2: {}

  viem@2.23.13:
    dependencies:
      '@noble/curves': 1.8.1
      '@noble/hashes': 1.7.1
      '@scure/bip32': 1.6.2
      '@scure/bip39': 1.5.4
      abitype: 1.0.8
      isows: 1.0.6(ws@8.18.1)
      ox: 0.6.9
      ws: 8.18.1
    transitivePeerDependencies:
      - bufferutil
      - utf-8-validate
      - zod

  wasmbuilder@0.0.16: {}

  wasmcurves@0.2.2:
    dependencies:
      wasmbuilder: 0.0.16

  web-worker@1.2.0: {}

  wrap-ansi@6.2.0:
    dependencies:
      ansi-styles: 4.3.0
      string-width: 4.2.3
      strip-ansi: 6.0.1

  wrap-ansi@7.0.0:
    dependencies:
      ansi-styles: 4.3.0
      string-width: 4.2.3
      strip-ansi: 6.0.1

  ws@8.18.0: {}

  ws@8.18.1: {}

  y18n@5.0.8: {}

  yargs-parser@21.1.1: {}

  yargs@17.7.2:
    dependencies:
      cliui: 8.0.1
      escalade: 3.2.0
      get-caller-file: 2.0.5
      require-directory: 2.1.1
      string-width: 4.2.3
      y18n: 5.0.8
      yargs-parser: 21.1.1

  yoctocolors-cjs@2.1.2: {}
